%{"exactor": {:git, "git://github.com/sasa1977/exactor.git", "0467f8100bc735405d597dbf94996195eb31e0b6", [tag: "0467f8100bc735405d597dbf94996195eb31e0b6"]},
  "extask": {:git, "git://github.com/timCF/extask.git", "4164dddf3135c44623d77e9cba07324595353d6b", []},
  "exutils": {:git, "git://github.com/timCF/exutils.git", "1e60cdf8f6d0d65ee48732e8b148eb917b28a5d4", []},
  "hashex": {:git, "git://github.com/timCF/hashex.git", "cc6b4307daa1ab18c94cdd33bf3cb8a3dab28b96", []}}
